
Microsoft Visual Studio Solution File, Format Version 12.00
# Visual Studio 15
VisualStudioVersion = 15.0.27428.2002
MinimumVisualStudioVersion = 10.0.40219.1
Project("{FAE04EC0-301F-11D3-BF4B-00C04F79EFBC}") = "TableGenerateCmd", "TableGenerateCmd\TableGenerateCmd.csproj", "{0E6522C6-F994-4C70-A790-BAB9803991E8}"
EndProject
Project("{FAE04EC0-301F-11D3-BF4B-00C04F79EFBC}") = "BytesEditor", "BytesEditor\BytesEditor.csproj", "{246B6F3C-1B78-4316-8235-EC69DF4B63C8}"
EndProject
Project("{FAE04EC0-301F-11D3-BF4B-00C04F79EFBC}") = "Examples", "Examples\Examples.csproj", "{93FC76E7-D18B-408F-BF33-B6D2409DBBC9}"
EndProject
Global
	GlobalSection(SolutionConfigurationPlatforms) = preSolution
		Debug|Any CPU = Debug|Any CPU
		Release|Any CPU = Release|Any CPU
	EndGlobalSection
	GlobalSection(ProjectConfigurationPlatforms) = postSolution
		{0E6522C6-F994-4C70-A790-BAB9803991E8}.Debug|Any CPU.ActiveCfg = Debug|Any CPU
		{0E6522C6-F994-4C70-A790-BAB9803991E8}.Debug|Any CPU.Build.0 = Debug|Any CPU
		{0E6522C6-F994-4C70-A790-BAB9803991E8}.Release|Any CPU.ActiveCfg = Release|Any CPU
		{0E6522C6-F994-4C70-A790-BAB9803991E8}.Release|Any CPU.Build.0 = Release|Any CPU
		{246B6F3C-1B78-4316-8235-EC69DF4B63C8}.Debug|Any CPU.ActiveCfg = Debug|Any CPU
		{246B6F3C-1B78-4316-8235-EC69DF4B63C8}.Debug|Any CPU.Build.0 = Debug|Any CPU
		{246B6F3C-1B78-4316-8235-EC69DF4B63C8}.Release|Any CPU.ActiveCfg = Release|Any CPU
		{246B6F3C-1B78-4316-8235-EC69DF4B63C8}.Release|Any CPU.Build.0 = Release|Any CPU
		{93FC76E7-D18B-408F-BF33-B6D2409DBBC9}.Debug|Any CPU.ActiveCfg = Debug|Any CPU
		{93FC76E7-D18B-408F-BF33-B6D2409DBBC9}.Debug|Any CPU.Build.0 = Debug|Any CPU
		{93FC76E7-D18B-408F-BF33-B6D2409DBBC9}.Release|Any CPU.ActiveCfg = Release|Any CPU
		{93FC76E7-D18B-408F-BF33-B6D2409DBBC9}.Release|Any CPU.Build.0 = Release|Any CPU
	EndGlobalSection
	GlobalSection(SolutionProperties) = preSolution
		HideSolutionNode = FALSE
	EndGlobalSection
	GlobalSection(ExtensibilityGlobals) = postSolution
		SolutionGuid = {623C9C64-B368-46B4-9087-AEBF26C2BFCB}
	EndGlobalSection
EndGlobal
